
Microsoft Visual Studio Solution File, Format Version 12.00
# Visual Studio 15
VisualStudioVersion = 15.0.28010.2003
MinimumVisualStudioVersion = 10.0.40219.1
Project("{888888A0-9F3D-457C-B088-3A5042F75D52}") = "MLTutorials", "MLTutorials.pyproj", "{9875D3A3-DC92-42CA-9C99-4CA9FBA22FC0}"
EndProject
Global
	GlobalSection(SolutionConfigurationPlatforms) = preSolution
		Debug|Any CPU = Debug|Any CPU
		Release|Any CPU = Release|Any CPU
	EndGlobalSection
	GlobalSection(ProjectConfigurationPlatforms) = postSolution
		{9875D3A3-DC92-42CA-9C99-4CA9FBA22FC0}.Debug|Any CPU.ActiveCfg = Debug|Any CPU
		{9875D3A3-DC92-42CA-9C99-4CA9FBA22FC0}.Release|Any CPU.ActiveCfg = Release|Any CPU
	EndGlobalSection
	GlobalSection(SolutionProperties) = preSolution
		HideSolutionNode = FALSE
	EndGlobalSection
	GlobalSection(ExtensibilityGlobals) = postSolution
		SolutionGuid = {C7C663C5-66FF-45E1-BC59-5A8DBDA0299E}
	EndGlobalSection
EndGlobal
